// !$*UTF8*$!
{
	archiveVersion = 1;
	classes = {
	};
	objectVersion = 46;
	objects = {

/* Begin PBXBuildFile section */
		D88EBD4C1B51F8970068DF07 /* main.m in Sources */ = {isa = PBXBuildFile; fileRef = D88EBD4B1B51F8970068DF07 /* main.m */; };
		D88EBD4F1B51F8970068DF07 /* AppDelegate.m in Sources */ = {isa = PBXBuildFile; fileRef = D88EBD4E1B51F8970068DF07 /* AppDelegate.m */; };
		D88EBD521B51F8970068DF07 /* ViewController.m in Sources */ = {isa = PBXBuildFile; fileRef = D88EBD511B51F8970068DF07 /* ViewController.m */; };
		D88EBD571B51F8970068DF07 /* Images.xcassets in Resources */ = {isa = PBXBuildFile; fileRef = D88EBD561B51F8970068DF07 /* Images.xcassets */; };
		D88EBD5A1B51F8970068DF07 /* LaunchScreen.xib in Resources */ = {isa = PBXBuildFile; fileRef = D88EBD581B51F8970068DF07 /* LaunchScreen.xib */; };
		D88EBD661B51F8970068DF07 /* CustomViewRendererTests.m in Sources */ = {isa = PBXBuildFile; fileRef = D88EBD651B51F8970068DF07 /* CustomViewRendererTests.m */; };
		D88EBD711B51F8A70068DF07 /* GradientView.m in Sources */ = {isa = PBXBuildFile; fileRef = D88EBD701B51F8A70068DF07 /* GradientView.m */; };
		D88EBD731B51F8B20068DF07 /* Main.storyboard in Resources */ = {isa = PBXBuildFile; fileRef = D88EBD721B51F8B20068DF07 /* Main.storyboard */; };
/* End PBXBuildFile section */

/* Begin PBXContainerItemProxy section */
		D88EBD601B51F8970068DF07 /* PBXContainerItemProxy */ = {
			isa = PBXContainerItemProxy;
			containerPortal = D88EBD3E1B51F8970068DF07 /* Project object */;
			proxyType = 1;
			remoteGlobalIDString = D88EBD451B51F8970068DF07;
			remoteInfo = CustomViewRenderer;
		};
/* End PBXContainerItemProxy section */

/* Begin PBXFileReference section */
		D88EBD461B51F8970068DF07 /* CustomViewRenderer.app */ = {isa = PBXFileReference; explicitFileType = wrapper.application; includeInIndex = 0; path = CustomViewRenderer.app; sourceTree = BUILT_PRODUCTS_DIR; };
		D88EBD4A1B51F8970068DF07 /* Info.plist */ = {isa = PBXFileReference; lastKnownFileType = text.plist.xml; path = Info.plist; sourceTree = "<group>"; };
		D88EBD4B1B51F8970068DF07 /* main.m */ = {isa = PBXFileReference; lastKnownFileType = sourcecode.c.objc; path = main.m; sourceTree = "<group>"; };
		D88EBD4D1B51F8970068DF07 /* AppDelegate.h */ = {isa = PBXFileReference; lastKnownFileType = sourcecode.c.h; path = AppDelegate.h; sourceTree = "<group>"; };
		D88EBD4E1B51F8970068DF07 /* AppDelegate.m */ = {isa = PBXFileReference; lastKnownFileType = sourcecode.c.objc; path = AppDelegate.m; sourceTree = "<group>"; };
		D88EBD501B51F8970068DF07 /* ViewController.h */ = {isa = PBXFileReference; lastKnownFileType = sourcecode.c.h; path = ViewController.h; sourceTree = "<group>"; };
		D88EBD511B51F8970068DF07 /* ViewController.m */ = {isa = PBXFileReference; lastKnownFileType = sourcecode.c.objc; path = ViewController.m; sourceTree = "<group>"; };
		D88EBD561B51F8970068DF07 /* Images.xcassets */ = {isa = PBXFileReference; lastKnownFileType = folder.assetcatalog; path = Images.xcassets; sourceTree = "<group>"; };
		D88EBD591B51F8970068DF07 /* Base */ = {isa = PBXFileReference; lastKnownFileType = file.xib; name = Base; path = Base.lproj/LaunchScreen.xib; sourceTree = "<group>"; };
		D88EBD5F1B51F8970068DF07 /* CustomViewRendererTests.xctest */ = {isa = PBXFileReference; explicitFileType = wrapper.cfbundle; includeInIndex = 0; path = CustomViewRendererTests.xctest; sourceTree = BUILT_PRODUCTS_DIR; };
		D88EBD641B51F8970068DF07 /* Info.plist */ = {isa = PBXFileReference; lastKnownFileType = text.plist.xml; path = Info.plist; sourceTree = "<group>"; };
		D88EBD651B51F8970068DF07 /* CustomViewRendererTests.m */ = {isa = PBXFileReference; lastKnownFileType = sourcecode.c.objc; path = CustomViewRendererTests.m; sourceTree = "<group>"; };
		D88EBD6F1B51F8A70068DF07 /* GradientView.h */ = {isa = PBXFileReference; fileEncoding = 4; lastKnownFileType = sourcecode.c.h; path = GradientView.h; sourceTree = "<group>"; };
		D88EBD701B51F8A70068DF07 /* GradientView.m */ = {isa = PBXFileReference; fileEncoding = 4; lastKnownFileType = sourcecode.c.objc; path = GradientView.m; sourceTree = "<group>"; };
		D88EBD721B51F8B20068DF07 /* Main.storyboard */ = {isa = PBXFileReference; fileEncoding = 4; lastKnownFileType = file.storyboard; path = Main.storyboard; sourceTree = "<group>"; };
/* End PBXFileReference section */

/* Begin PBXFrameworksBuildPhase section */
		D88EBD431B51F8970068DF07 /* Frameworks */ = {
			isa = PBXFrameworksBuildPhase;
			buildActionMask = 2147483647;
			files = (
			);
			runOnlyForDeploymentPostprocessing = 0;
		};
		D88EBD5C1B51F8970068DF07 /* Frameworks */ = {
			isa = PBXFrameworksBuildPhase;
			buildActionMask = 2147483647;
			files = (
			);
			runOnlyForDeploymentPostprocessing = 0;
		};
/* End PBXFrameworksBuildPhase section */

/* Begin PBXGroup section */
		D88EBD3D1B51F8970068DF07 = {
			isa = PBXGroup;
			children = (
				D88EBD481B51F8970068DF07 /* CustomViewRenderer */,
				D88EBD621B51F8970068DF07 /* CustomViewRendererTests */,
				D88EBD471B51F8970068DF07 /* Products */,
			);
			sourceTree = "<group>";
		};
		D88EBD471B51F8970068DF07 /* Products */ = {
			isa = PBXGroup;
			children = (
				D88EBD461B51F8970068DF07 /* CustomViewRenderer.app */,
				D88EBD5F1B51F8970068DF07 /* CustomViewRendererTests.xctest */,
			);
			name = Products;
			sourceTree = "<group>";
		};
		D88EBD481B51F8970068DF07 /* CustomViewRenderer */ = {
			isa = PBXGroup;
			children = (
				D88EBD4D1B51F8970068DF07 /* AppDelegate.h */,
				D88EBD4E1B51F8970068DF07 /* AppDelegate.m */,
				D88EBD501B51F8970068DF07 /* ViewController.h */,
				D88EBD511B51F8970068DF07 /* ViewController.m */,
				D88EBD6F1B51F8A70068DF07 /* GradientView.h */,
				D88EBD701B51F8A70068DF07 /* GradientView.m */,
				D88EBD561B51F8970068DF07 /* Images.xcassets */,
				D88EBD721B51F8B20068DF07 /* Main.storyboard */,
				D88EBD581B51F8970068DF07 /* LaunchScreen.xib */,
				D88EBD491B51F8970068DF07 /* Supporting Files */,
			);
			path = CustomViewRenderer;
			sourceTree = "<group>";
		};
		D88EBD491B51F8970068DF07 /* Supporting Files */ = {
			isa = PBXGroup;
			children = (
				D88EBD4A1B51F8970068DF07 /* Info.plist */,
				D88EBD4B1B51F8970068DF07 /* main.m */,
			);
			name = "Supporting Files";
			sourceTree = "<group>";
		};
		D88EBD621B51F8970068DF07 /* CustomViewRendererTests */ = {
			isa = PBXGroup;
			children = (
				D88EBD651B51F8970068DF07 /* CustomViewRendererTests.m */,
				D88EBD631B51F8970068DF07 /* Supporting Files */,
			);
			path = CustomViewRendererTests;
			sourceTree = "<group>";
		};
		D88EBD631B51F8970068DF07 /* Supporting Files */ = {
			isa = PBXGroup;
			children = (
				D88EBD641B51F8970068DF07 /* Info.plist */,
			);
			name = "Supporting Files";
			sourceTree = "<group>";
		};
/* End PBXGroup section */

/* Begin PBXNativeTarget section */
		D88EBD451B51F8970068DF07 /* CustomViewRenderer */ = {
			isa = PBXNativeTarget;
			buildConfigurationList = D88EBD691B51F8970068DF07 /* Build configuration list for PBXNativeTarget "CustomViewRenderer" */;
			buildPhases = (
				D88EBD421B51F8970068DF07 /* Sources */,
				D88EBD431B51F8970068DF07 /* Frameworks */,
				D88EBD441B51F8970068DF07 /* Resources */,
			);
			buildRules = (
			);
			dependencies = (
			);
			name = CustomViewRenderer;
			productName = CustomViewRenderer;
			productReference = D88EBD461B51F8970068DF07 /* CustomViewRenderer.app */;
			productType = "com.apple.product-type.application";
		};
		D88EBD5E1B51F8970068DF07 /* CustomViewRendererTests */ = {
			isa = PBXNativeTarget;
			buildConfigurationList = D88EBD6C1B51F8970068DF07 /* Build configuration list for PBXNativeTarget "CustomViewRendererTests" */;
			buildPhases = (
				D88EBD5B1B51F8970068DF07 /* Sources */,
				D88EBD5C1B51F8970068DF07 /* Frameworks */,
				D88EBD5D1B51F8970068DF07 /* Resources */,
			);
			buildRules = (
			);
			dependencies = (
				D88EBD611B51F8970068DF07 /* PBXTargetDependency */,
			);
			name = CustomViewRendererTests;
			productName = CustomViewRendererTests;
			productReference = D88EBD5F1B51F8970068DF07 /* CustomViewRendererTests.xctest */;
			productType = "com.apple.product-type.bundle.unit-test";
		};
/* End PBXNativeTarget section */

/* Begin PBXProject section */
		D88EBD3E1B51F8970068DF07 /* Project object */ = {
			isa = PBXProject;
			attributes = {
				LastUpgradeCheck = 0640;
				ORGANIZATIONNAME = MindsLab;
				TargetAttributes = {
					D88EBD451B51F8970068DF07 = {
						CreatedOnToolsVersion = 6.4;
					};
					D88EBD5E1B51F8970068DF07 = {
						CreatedOnToolsVersion = 6.4;
						TestTargetID = D88EBD451B51F8970068DF07;
					};
				};
			};
			buildConfigurationList = D88EBD411B51F8970068DF07 /* Build configuration list for PBXProject "CustomViewRenderer" */;
			compatibilityVersion = "Xcode 3.2";
			developmentRegion = English;
			hasScannedForEncodings = 0;
			knownRegions = (
				en,
				Base,
			);
			mainGroup = D88EBD3D1B51F8970068DF07;
			productRefGroup = D88EBD471B51F8970068DF07 /* Products */;
			projectDirPath = "";
			projectRoot = "";
			targets = (
				D88EBD451B51F8970068DF07 /* CustomViewRenderer */,
				D88EBD5E1B51F8970068DF07 /* CustomViewRendererTests */,
			);
		};
/* End PBXProject section */

/* Begin PBXResourcesBuildPhase section */
		D88EBD441B51F8970068DF07 /* Resources */ = {
			isa = PBXResourcesBuildPhase;
			buildActionMask = 2147483647;
			files = (
				D88EBD731B51F8B20068DF07 /* Main.storyboard in Resources */,
				D88EBD5A1B51F8970068DF07 /* LaunchScreen.xib in Resources */,
				D88EBD571B51F8970068DF07 /* Images.xcassets in Resources */,
			);
			runOnlyForDeploymentPostprocessing = 0;
		};
		D88EBD5D1B51F8970068DF07 /* Resources */ = {
			isa = PBXResourcesBuildPhase;
			buildActionMask = 2147483647;
			files = (
			);
			runOnlyForDeploymentPostprocessing = 0;
		};
/* End PBXResourcesBuildPhase section */

/* Begin PBXSourcesBuildPhase section */
		D88EBD421B51F8970068DF07 /* Sources */ = {
			isa = PBXSourcesBuildPhase;
			buildActionMask = 2147483647;
			files = (
				D88EBD521B51F8970068DF07 /* ViewController.m in Sources */,
				D88EBD4F1B51F8970068DF07 /* AppDelegate.m in Sources */,
				D88EBD711B51F8A70068DF07 /* GradientView.m in Sources */,
				D88EBD4C1B51F8970068DF07 /* main.m in Sources */,
			);
			runOnlyForDeploymentPostprocessing = 0;
		};
		D88EBD5B1B51F8970068DF07 /* Sources */ = {
			isa = PBXSourcesBuildPhase;
			buildActionMask = 2147483647;
			files = (
				D88EBD661B51F8970068DF07 /* CustomViewRendererTests.m in Sources */,
			);
			runOnlyForDeploymentPostprocessing = 0;
		};
/* End PBXSourcesBuildPhase section */

/* Begin PBXTargetDependency section */
		D88EBD611B51F8970068DF07 /* PBXTargetDependency */ = {
			isa = PBXTargetDependency;
			target = D88EBD451B51F8970068DF07 /* CustomViewRenderer */;
			targetProxy = D88EBD601B51F8970068DF07 /* PBXContainerItemProxy */;
		};
/* End PBXTargetDependency section */

/* Begin PBXVariantGroup section */
		D88EBD581B51F8970068DF07 /* LaunchScreen.xib */ = {
			isa = PBXVariantGroup;
			children = (
				D88EBD591B51F8970068DF07 /* Base */,
			);
			name = LaunchScreen.xib;
			sourceTree = "<group>";
		};
/* End PBXVariantGroup section */

/* Begin XCBuildConfiguration section */
		D88EBD671B51F8970068DF07 /* Debug */ = {
			isa = XCBuildConfiguration;
			buildSettings = {
				ALWAYS_SEARCH_USER_PATHS = NO;
				CLANG_CXX_LANGUAGE_STANDARD = "gnu++0x";
				CLANG_CXX_LIBRARY = "libc++";
				CLANG_ENABLE_MODULES = YES;
				CLANG_ENABLE_OBJC_ARC = YES;
				CLANG_WARN_BOOL_CONVERSION = YES;
				CLANG_WARN_CONSTANT_CONVERSION = YES;
				CLANG_WARN_DIRECT_OBJC_ISA_USAGE = YES_ERROR;
				CLANG_WARN_EMPTY_BODY = YES;
				CLANG_WARN_ENUM_CONVERSION = YES;
				CLANG_WARN_INT_CONVERSION = YES;
				CLANG_WARN_OBJC_ROOT_CLASS = YES_ERROR;
				CLANG_WARN_UNREACHABLE_CODE = YES;
				CLANG_WARN__DUPLICATE_METHOD_MATCH = YES;
				"CODE_SIGN_IDENTITY[sdk=iphoneos*]" = "iPhone Developer";
				COPY_PHASE_STRIP = NO;
				DEBUG_INFORMATION_FORMAT = "dwarf-with-dsym";
				ENABLE_STRICT_OBJC_MSGSEND = YES;
				GCC_C_LANGUAGE_STANDARD = gnu99;
				GCC_DYNAMIC_NO_PIC = NO;
				GCC_NO_COMMON_BLOCKS = YES;
				GCC_OPTIMIZATION_LEVEL = 0;
				GCC_PREPROCESSOR_DEFINITIONS = (
					"DEBUG=1",
					"$(inherited)",
				);
				GCC_SYMBOLS_PRIVATE_EXTERN = NO;
				GCC_WARN_64_TO_32_BIT_CONVERSION = YES;
				GCC_WARN_ABOUT_RETURN_TYPE = YES_ERROR;
				GCC_WARN_UNDECLARED_SELECTOR = YES;
				GCC_WARN_UNINITIALIZED_AUTOS = YES_AGGRESSIVE;
				GCC_WARN_UNUSED_FUNCTION = YES;
				GCC_WARN_UNUSED_VARIABLE = YES;
				IPHONEOS_DEPLOYMENT_TARGET = 8.4;
				MTL_ENABLE_DEBUG_INFO = YES;
				ONLY_ACTIVE_ARCH = YES;
				SDKROOT = iphoneos;
			};
			name = Debug;
		};
		D88EBD681B51F8970068DF07 /* Release */ = {
			isa = XCBuildConfiguration;
			buildSettings = {
				ALWAYS_SEARCH_USER_PATHS = NO;
				CLANG_CXX_LANGUAGE_STANDARD = "gnu++0x";
				CLANG_CXX_LIBRARY = "libc++";
				CLANG_ENABLE_MODULES = YES;
				CLANG_ENABLE_OBJC_ARC = YES;
				CLANG_WARN_BOOL_CONVERSION = YES;
				CLANG_WARN_CONSTANT_CONVERSION = YES;
				CLANG_WARN_DIRECT_OBJC_ISA_USAGE = YES_ERROR;
				CLANG_WARN_EMPTY_BODY = YES;
				CLANG_WARN_ENUM_CONVERSION = YES;
				CLANG_WARN_INT_CONVERSION = YES;
				CLANG_WARN_OBJC_ROOT_CLASS = YES_ERROR;
				CLANG_WARN_UNREACHABLE_CODE = YES;
				CLANG_WARN__DUPLICATE_METHOD_MATCH = YES;
				"CODE_SIGN_IDENTITY[sdk=iphoneos*]" = "iPhone Developer";
				COPY_PHASE_STRIP = NO;
				DEBUG_INFORMATION_FORMAT = "dwarf-with-dsym";
				ENABLE_NS_ASSERTIONS = NO;
				ENABLE_STRICT_OBJC_MSGSEND = YES;
				GCC_C_LANGUAGE_STANDARD = gnu99;
				GCC_NO_COMMON_BLOCKS = YES;
				GCC_WARN_64_TO_32_BIT_CONVERSION = YES;
				GCC_WARN_ABOUT_RETURN_TYPE = YES_ERROR;
				GCC_WARN_UNDECLARED_SELECTOR = YES;
				GCC_WARN_UNINITIALIZED_AUTOS = YES_AGGRESSIVE;
				GCC_WARN_UNUSED_FUNCTION = YES;
				GCC_WARN_UNUSED_VARIABLE = YES;
				IPHONEOS_DEPLOYMENT_TARGET = 8.4;
				MTL_ENABLE_DEBUG_INFO = NO;
				SDKROOT = iphoneos;
				VALIDATE_PRODUCT = YES;
			};
			name = Release;
		};
		D88EBD6A1B51F8970068DF07 /* Debug */ = {
			isa = XCBuildConfiguration;
			buildSettings = {
				ASSETCATALOG_COMPILER_APPICON_NAME = AppIcon;
				INFOPLIST_FILE = CustomViewRenderer/Info.plist;
				LD_RUNPATH_SEARCH_PATHS = "$(inherited) @executable_path/Frameworks";
				PRODUCT_NAME = "$(TARGET_NAME)";
				TARGETED_DEVICE_FAMILY = "1,2";
			};
			name = Debug;
		};
		D88EBD6B1B51F8970068DF07 /* Release */ = {
			isa = XCBuildConfiguration;
			buildSettings = {
				ASSETCATALOG_COMPILER_APPICON_NAME = AppIcon;
				INFOPLIST_FILE = CustomViewRenderer/Info.plist;
				LD_RUNPATH_SEARCH_PATHS = "$(inherited) @executable_path/Frameworks";
				PRODUCT_NAME = "$(TARGET_NAME)";
				TARGETED_DEVICE_FAMILY = "1,2";
			};
			name = Release;
		};
		D88EBD6D1B51F8970068DF07 /* Debug */ = {
			isa = XCBuildConfiguration;
			buildSettings = {
				BUNDLE_LOADER = "$(TEST_HOST)";
				FRAMEWORK_SEARCH_PATHS = (
					"$(SDKROOT)/Developer/Library/Frameworks",
					"$(inherited)",
				);
				GCC_PREPROCESSOR_DEFINITIONS = (
					"DEBUG=1",
					"$(inherited)",
				);
				INFOPLIST_FILE = CustomViewRendererTests/Info.plist;
				LD_RUNPATH_SEARCH_PATHS = "$(inherited) @executable_path/Frameworks @loader_path/Frameworks";
				PRODUCT_NAME = "$(TARGET_NAME)";
				TEST_HOST = "$(BUILT_PRODUCTS_DIR)/CustomViewRenderer.app/CustomViewRenderer";
			};
			name = Debug;
		};
		D88EBD6E1B51F8970068DF07 /* Release */ = {
			isa = XCBuildConfiguration;
			buildSettings = {
				BUNDLE_LOADER = "$(TEST_HOST)";
				FRAMEWORK_SEARCH_PATHS = (
					"$(SDKROOT)/Developer/Library/Frameworks",
					"$(inherited)",
				);
				INFOPLIST_FILE = CustomViewRendererTests/Info.plist;
				LD_RUNPATH_SEARCH_PATHS = "$(inherited) @executable_path/Frameworks @loader_path/Frameworks";
				PRODUCT_NAME = "$(TARGET_NAME)";
				TEST_HOST = "$(BUILT_PRODUCTS_DIR)/CustomViewRenderer.app/CustomViewRenderer";
			};
			name = Release;
		};
/* End XCBuildConfiguration section */

/* Begin XCConfigurationList section */
		D88EBD411B51F8970068DF07 /* Build configuration list for PBXProject "CustomViewRenderer" */ = {
			isa = XCConfigurationList;
			buildConfigurations = (
				D88EBD671B51F8970068DF07 /* Debug */,
				D88EBD681B51F8970068DF07 /* Release */,
			);
			defaultConfigurationIsVisible = 0;
			defaultConfigurationName = Release;
		};
		D88EBD691B51F8970068DF07 /* Build configuration list for PBXNativeTarget "CustomViewRenderer" */ = {
			isa = XCConfigurationList;
			buildConfigurations = (
				D88EBD6A1B51F8970068DF07 /* Debug */,
				D88EBD6B1B51F8970068DF07 /* Release */,
			);
			defaultConfigurationIsVisible = 0;
			defaultConfigurationName = Release;
		};
		D88EBD6C1B51F8970068DF07 /* Build configuration list for PBXNativeTarget "CustomViewRendererTests" */ = {
			isa = XCConfigurationList;
			buildConfigurations = (
				D88EBD6D1B51F8970068DF07 /* Debug */,
				D88EBD6E1B51F8970068DF07 /* Release */,
			);
			defaultConfigurationIsVisible = 0;
			defaultConfigurationName = Release;
		};
/* End XCConfigurationList section */
	};
	rootObject = D88EBD3E1B51F8970068DF07 /* Project object */;
}
